// !$*UTF8*$!
{
	archiveVersion = 1;
	classes = {
	};
	objectVersion = 50;
	objects = {

/* Begin PBXBuildFile section */
		A17EF31F252B8633009D3788 /* AppDelegate.swift in Sources */ = {isa = PBXBuildFile; fileRef = A17EF31E252B8633009D3788 /* AppDelegate.swift */; };
		A17EF321252B8633009D3788 /* SceneDelegate.swift in Sources */ = {isa = PBXBuildFile; fileRef = A17EF320252B8633009D3788 /* SceneDelegate.swift */; };
		A17EF323252B8633009D3788 /* ViewController.swift in Sources */ = {isa = PBXBuildFile; fileRef = A17EF322252B8633009D3788 /* ViewController.swift */; };
		A17EF326252B8633009D3788 /* Main.storyboard in Resources */ = {isa = PBXBuildFile; fileRef = A17EF324252B8633009D3788 /* Main.storyboard */; };
		A17EF328252B8634009D3788 /* Assets.xcassets in Resources */ = {isa = PBXBuildFile; fileRef = A17EF327252B8634009D3788 /* Assets.xcassets */; };
		A17EF32B252B8634009D3788 /* LaunchScreen.storyboard in Resources */ = {isa = PBXBuildFile; fileRef = A17EF329252B8634009D3788 /* LaunchScreen.storyboard */; };
		A17EF333252B8D8B009D3788 /* PostView.swift in Sources */ = {isa = PBXBuildFile; fileRef = A17EF332252B8D8B009D3788 /* PostView.swift */; };
/* End PBXBuildFile section */

/* Begin PBXFileReference section */
		A17EF31B252B8633009D3788 /* NikitaSosyukHW5.app */ = {isa = PBXFileReference; explicitFileType = wrapper.application; includeInIndex = 0; path = NikitaSosyukHW5.app; sourceTree = BUILT_PRODUCTS_DIR; };
		A17EF31E252B8633009D3788 /* AppDelegate.swift */ = {isa = PBXFileReference; lastKnownFileType = sourcecode.swift; path = AppDelegate.swift; sourceTree = "<group>"; };
		A17EF320252B8633009D3788 /* SceneDelegate.swift */ = {isa = PBXFileReference; lastKnownFileType = sourcecode.swift; path = SceneDelegate.swift; sourceTree = "<group>"; };
		A17EF322252B8633009D3788 /* ViewController.swift */ = {isa = PBXFileReference; lastKnownFileType = sourcecode.swift; path = ViewController.swift; sourceTree = "<group>"; };
		A17EF325252B8633009D3788 /* Base */ = {isa = PBXFileReference; lastKnownFileType = file.storyboard; name = Base; path = Base.lproj/Main.storyboard; sourceTree = "<group>"; };
		A17EF327252B8634009D3788 /* Assets.xcassets */ = {isa = PBXFileReference; lastKnownFileType = folder.assetcatalog; path = Assets.xcassets; sourceTree = "<group>"; };
		A17EF32A252B8634009D3788 /* Base */ = {isa = PBXFileReference; lastKnownFileType = file.storyboard; name = Base; path = Base.lproj/LaunchScreen.storyboard; sourceTree = "<group>"; };
		A17EF32C252B8634009D3788 /* Info.plist */ = {isa = PBXFileReference; lastKnownFileType = text.plist.xml; path = Info.plist; sourceTree = "<group>"; };
		A17EF332252B8D8B009D3788 /* PostView.swift */ = {isa = PBXFileReference; lastKnownFileType = sourcecode.swift; path = PostView.swift; sourceTree = "<group>"; };
/* End PBXFileReference section */

/* Begin PBXFrameworksBuildPhase section */
		A17EF318252B8633009D3788 /* Frameworks */ = {
			isa = PBXFrameworksBuildPhase;
			buildActionMask = 2147483647;
			files = (
			);
			runOnlyForDeploymentPostprocessing = 0;
		};
/* End PBXFrameworksBuildPhase section */

/* Begin PBXGroup section */
		A17EF312252B8632009D3788 = {
			isa = PBXGroup;
			children = (
				A17EF31D252B8633009D3788 /* NikitaSosyukHW5 */,
				A17EF31C252B8633009D3788 /* Products */,
			);
			sourceTree = "<group>";
		};
		A17EF31C252B8633009D3788 /* Products */ = {
			isa = PBXGroup;
			children = (
				A17EF31B252B8633009D3788 /* NikitaSosyukHW5.app */,
			);
			name = Products;
			sourceTree = "<group>";
		};
		A17EF31D252B8633009D3788 /* NikitaSosyukHW5 */ = {
			isa = PBXGroup;
			children = (
				A17EF31E252B8633009D3788 /* AppDelegate.swift */,
				A17EF320252B8633009D3788 /* SceneDelegate.swift */,
				A17EF322252B8633009D3788 /* ViewController.swift */,
				A17EF324252B8633009D3788 /* Main.storyboard */,
				A17EF327252B8634009D3788 /* Assets.xcassets */,
				A17EF329252B8634009D3788 /* LaunchScreen.storyboard */,
				A17EF32C252B8634009D3788 /* Info.plist */,
				A17EF332252B8D8B009D3788 /* PostView.swift */,
			);
			path = NikitaSosyukHW5;
			sourceTree = "<group>";
		};
/* End PBXGroup section */

/* Begin PBXNativeTarget section */
		A17EF31A252B8633009D3788 /* NikitaSosyukHW5 */ = {
			isa = PBXNativeTarget;
			buildConfigurationList = A17EF32F252B8634009D3788 /* Build configuration list for PBXNativeTarget "NikitaSosyukHW5" */;
			buildPhases = (
				A17EF317252B8633009D3788 /* Sources */,
				A17EF318252B8633009D3788 /* Frameworks */,
				A17EF319252B8633009D3788 /* Resources */,
			);
			buildRules = (
			);
			dependencies = (
			);
			name = NikitaSosyukHW5;
			productName = NikitaSosyukHW5;
			productReference = A17EF31B252B8633009D3788 /* NikitaSosyukHW5.app */;
			productType = "com.apple.product-type.application";
		};
/* End PBXNativeTarget section */

/* Begin PBXProject section */
		A17EF313252B8632009D3788 /* Project object */ = {
			isa = PBXProject;
			attributes = {
				LastSwiftUpdateCheck = 1160;
				LastUpgradeCheck = 1160;
				ORGANIZATIONNAME = "Nikita Sosyuk";
				TargetAttributes = {
					A17EF31A252B8633009D3788 = {
						CreatedOnToolsVersion = 11.6;
					};
				};
			};
			buildConfigurationList = A17EF316252B8632009D3788 /* Build configuration list for PBXProject "NikitaSosyukHW5" */;
			compatibilityVersion = "Xcode 9.3";
			developmentRegion = en;
			hasScannedForEncodings = 0;
			knownRegions = (
				en,
				Base,
			);
			mainGroup = A17EF312252B8632009D3788;
			productRefGroup = A17EF31C252B8633009D3788 /* Products */;
			projectDirPath = "";
			projectRoot = "";
			targets = (
				A17EF31A252B8633009D3788 /* NikitaSosyukHW5 */,
			);
		};
/* End PBXProject section */

/* Begin PBXResourcesBuildPhase section */
		A17EF319252B8633009D3788 /* Resources */ = {
			isa = PBXResourcesBuildPhase;
			buildActionMask = 2147483647;
			files = (
				A17EF32B252B8634009D3788 /* LaunchScreen.storyboard in Resources */,
				A17EF328252B8634009D3788 /* Assets.xcassets in Resources */,
				A17EF326252B8633009D3788 /* Main.storyboard in Resources */,
			);
			runOnlyForDeploymentPostprocessing = 0;
		};
/* End PBXResourcesBuildPhase section */

/* Begin PBXSourcesBuildPhase section */
		A17EF317252B8633009D3788 /* Sources */ = {
			isa = PBXSourcesBuildPhase;
			buildActionMask = 2147483647;
			files = (
				A17EF323252B8633009D3788 /* ViewController.swift in Sources */,
				A17EF31F252B8633009D3788 /* AppDelegate.swift in Sources */,
				A17EF333252B8D8B009D3788 /* PostView.swift in Sources */,
				A17EF321252B8633009D3788 /* SceneDelegate.swift in Sources */,
			);
			runOnlyForDeploymentPostprocessing = 0;
		};
/* End PBXSourcesBuildPhase section */

/* Begin PBXVariantGroup section */
		A17EF324252B8633009D3788 /* Main.storyboard */ = {
			isa = PBXVariantGroup;
			children = (
				A17EF325252B8633009D3788 /* Base */,
			);
			name = Main.storyboard;
			sourceTree = "<group>";
		};
		A17EF329252B8634009D3788 /* LaunchScreen.storyboard */ = {
			isa = PBXVariantGroup;
			children = (
				A17EF32A252B8634009D3788 /* Base */,
			);
			name = LaunchScreen.storyboard;
			sourceTree = "<group>";
		};
/* End PBXVariantGroup section */

/* Begin XCBuildConfiguration section */
		A17EF32D252B8634009D3788 /* Debug */ = {
			isa = XCBuildConfiguration;
			buildSettings = {
				ALWAYS_SEARCH_USER_PATHS = NO;
				CLANG_ANALYZER_NONNULL = YES;
				CLANG_ANALYZER_NUMBER_OBJECT_CONVERSION = YES_AGGRESSIVE;
				CLANG_CXX_LANGUAGE_STANDARD = "gnu++14";
				CLANG_CXX_LIBRARY = "libc++";
				CLANG_ENABLE_MODULES = YES;
				CLANG_ENABLE_OBJC_ARC = YES;
				CLANG_ENABLE_OBJC_WEAK = YES;
				CLANG_WARN_BLOCK_CAPTURE_AUTORELEASING = YES;
				CLANG_WARN_BOOL_CONVERSION = YES;
				CLANG_WARN_COMMA = YES;
				CLANG_WARN_CONSTANT_CONVERSION = YES;
				CLANG_WARN_DEPRECATED_OBJC_IMPLEMENTATIONS = YES;
				CLANG_WARN_DIRECT_OBJC_ISA_USAGE = YES_ERROR;
				CLANG_WARN_DOCUMENTATION_COMMENTS = YES;
				CLANG_WARN_EMPTY_BODY = YES;
				CLANG_WARN_ENUM_CONVERSION = YES;
				CLANG_WARN_INFINITE_RECURSION = YES;
				CLANG_WARN_INT_CONVERSION = YES;
				CLANG_WARN_NON_LITERAL_NULL_CONVERSION = YES;
				CLANG_WARN_OBJC_IMPLICIT_RETAIN_SELF = YES;
				CLANG_WARN_OBJC_LITERAL_CONVERSION = YES;
				CLANG_WARN_OBJC_ROOT_CLASS = YES_ERROR;
				CLANG_WARN_RANGE_LOOP_ANALYSIS = YES;
				CLANG_WARN_STRICT_PROTOTYPES = YES;
				CLANG_WARN_SUSPICIOUS_MOVE = YES;
				CLANG_WARN_UNGUARDED_AVAILABILITY = YES_AGGRESSIVE;
				CLANG_WARN_UNREACHABLE_CODE = YES;
				CLANG_WARN__DUPLICATE_METHOD_MATCH = YES;
				COPY_PHASE_STRIP = NO;
				DEBUG_INFORMATION_FORMAT = dwarf;
				ENABLE_STRICT_OBJC_MSGSEND = YES;
				ENABLE_TESTABILITY = YES;
				GCC_C_LANGUAGE_STANDARD = gnu11;
				GCC_DYNAMIC_NO_PIC = NO;
				GCC_NO_COMMON_BLOCKS = YES;
				GCC_OPTIMIZATION_LEVEL = 0;
				GCC_PREPROCESSOR_DEFINITIONS = (
					"DEBUG=1",
					"$(inherited)",
				);
				GCC_WARN_64_TO_32_BIT_CONVERSION = YES;
				GCC_WARN_ABOUT_RETURN_TYPE = YES_ERROR;
				GCC_WARN_UNDECLARED_SELECTOR = YES;
				GCC_WARN_UNINITIALIZED_AUTOS = YES_AGGRESSIVE;
				GCC_WARN_UNUSED_FUNCTION = YES;
				GCC_WARN_UNUSED_VARIABLE = YES;
				IPHONEOS_DEPLOYMENT_TARGET = 13.6;
				MTL_ENABLE_DEBUG_INFO = INCLUDE_SOURCE;
				MTL_FAST_MATH = YES;
				ONLY_ACTIVE_ARCH = YES;
				SDKROOT = iphoneos;
				SWIFT_ACTIVE_COMPILATION_CONDITIONS = DEBUG;
				SWIFT_OPTIMIZATION_LEVEL = "-Onone";
			};
			name = Debug;
		};
		A17EF32E252B8634009D3788 /* Release */ = {
			isa = XCBuildConfiguration;
			buildSettings = {
				ALWAYS_SEARCH_USER_PATHS = NO;
				CLANG_ANALYZER_NONNULL = YES;
				CLANG_ANALYZER_NUMBER_OBJECT_CONVERSION = YES_AGGRESSIVE;
				CLANG_CXX_LANGUAGE_STANDARD = "gnu++14";
				CLANG_CXX_LIBRARY = "libc++";
				CLANG_ENABLE_MODULES = YES;
				CLANG_ENABLE_OBJC_ARC = YES;
				CLANG_ENABLE_OBJC_WEAK = YES;
				CLANG_WARN_BLOCK_CAPTURE_AUTORELEASING = YES;
				CLANG_WARN_BOOL_CONVERSION = YES;
				CLANG_WARN_COMMA = YES;
				CLANG_WARN_CONSTANT_CONVERSION = YES;
				CLANG_WARN_DEPRECATED_OBJC_IMPLEMENTATIONS = YES;
				CLANG_WARN_DIRECT_OBJC_ISA_USAGE = YES_ERROR;
				CLANG_WARN_DOCUMENTATION_COMMENTS = YES;
				CLANG_WARN_EMPTY_BODY = YES;
				CLANG_WARN_ENUM_CONVERSION = YES;
				CLANG_WARN_INFINITE_RECURSION = YES;
				CLANG_WARN_INT_CONVERSION = YES;
				CLANG_WARN_NON_LITERAL_NULL_CONVERSION = YES;
				CLANG_WARN_OBJC_IMPLICIT_RETAIN_SELF = YES;
				CLANG_WARN_OBJC_LITERAL_CONVERSION = YES;
				CLANG_WARN_OBJC_ROOT_CLASS = YES_ERROR;
				CLANG_WARN_RANGE_LOOP_ANALYSIS = YES;
				CLANG_WARN_STRICT_PROTOTYPES = YES;
				CLANG_WARN_SUSPICIOUS_MOVE = YES;
				CLANG_WARN_UNGUARDED_AVAILABILITY = YES_AGGRESSIVE;
				CLANG_WARN_UNREACHABLE_CODE = YES;
				CLANG_WARN__DUPLICATE_METHOD_MATCH = YES;
				COPY_PHASE_STRIP = NO;
				DEBUG_INFORMATION_FORMAT = "dwarf-with-dsym";
				ENABLE_NS_ASSERTIONS = NO;
				ENABLE_STRICT_OBJC_MSGSEND = YES;
				GCC_C_LANGUAGE_STANDARD = gnu11;
				GCC_NO_COMMON_BLOCKS = YES;
				GCC_WARN_64_TO_32_BIT_CONVERSION = YES;
				GCC_WARN_ABOUT_RETURN_TYPE = YES_ERROR;
				GCC_WARN_UNDECLARED_SELECTOR = YES;
				GCC_WARN_UNINITIALIZED_AUTOS = YES_AGGRESSIVE;
				GCC_WARN_UNUSED_FUNCTION = YES;
				GCC_WARN_UNUSED_VARIABLE = YES;
				IPHONEOS_DEPLOYMENT_TARGET = 13.6;
				MTL_ENABLE_DEBUG_INFO = NO;
				MTL_FAST_MATH = YES;
				SDKROOT = iphoneos;
				SWIFT_COMPILATION_MODE = wholemodule;
				SWIFT_OPTIMIZATION_LEVEL = "-O";
				VALIDATE_PRODUCT = YES;
			};
			name = Release;
		};
		A17EF330252B8634009D3788 /* Debug */ = {
			isa = XCBuildConfiguration;
			buildSettings = {
				ASSETCATALOG_COMPILER_APPICON_NAME = AppIcon;
				CODE_SIGN_STYLE = Automatic;
				DEVELOPMENT_TEAM = U72T7VXNG3;
				INFOPLIST_FILE = NikitaSosyukHW5/Info.plist;
				LD_RUNPATH_SEARCH_PATHS = (
					"$(inherited)",
					"@executable_path/Frameworks",
				);
				PRODUCT_BUNDLE_IDENTIFIER = com.itis.NikitaSosyukHW5;
				PRODUCT_NAME = "$(TARGET_NAME)";
				SWIFT_VERSION = 5.0;
				TARGETED_DEVICE_FAMILY = "1,2";
			};
			name = Debug;
		};
		A17EF331252B8634009D3788 /* Release */ = {
			isa = XCBuildConfiguration;
			buildSettings = {
				ASSETCATALOG_COMPILER_APPICON_NAME = AppIcon;
				CODE_SIGN_STYLE = Automatic;
				DEVELOPMENT_TEAM = U72T7VXNG3;
				INFOPLIST_FILE = NikitaSosyukHW5/Info.plist;
				LD_RUNPATH_SEARCH_PATHS = (
					"$(inherited)",
					"@executable_path/Frameworks",
				);
				PRODUCT_BUNDLE_IDENTIFIER = com.itis.NikitaSosyukHW5;
				PRODUCT_NAME = "$(TARGET_NAME)";
				SWIFT_VERSION = 5.0;
				TARGETED_DEVICE_FAMILY = "1,2";
			};
			name = Release;
		};
/* End XCBuildConfiguration section */

/* Begin XCConfigurationList section */
		A17EF316252B8632009D3788 /* Build configuration list for PBXProject "NikitaSosyukHW5" */ = {
			isa = XCConfigurationList;
			buildConfigurations = (
				A17EF32D252B8634009D3788 /* Debug */,
				A17EF32E252B8634009D3788 /* Release */,
			);
			defaultConfigurationIsVisible = 0;
			defaultConfigurationName = Release;
		};
		A17EF32F252B8634009D3788 /* Build configuration list for PBXNativeTarget "NikitaSosyukHW5" */ = {
			isa = XCConfigurationList;
			buildConfigurations = (
				A17EF330252B8634009D3788 /* Debug */,
				A17EF331252B8634009D3788 /* Release */,
			);
			defaultConfigurationIsVisible = 0;
			defaultConfigurationName = Release;
		};
/* End XCConfigurationList section */
	};
	rootObject = A17EF313252B8632009D3788 /* Project object */;
}
