// !$*UTF8*$!
{
	archiveVersion = 1;
	classes = {
	};
	objectVersion = 50;
	objects = {

/* Begin PBXBuildFile section */
		71492B492531990B00233A52 /* UserImageView.swift in Sources */ = {isa = PBXBuildFile; fileRef = 71492B482531990B00233A52 /* UserImageView.swift */; };
		719A360B2530C14E004AF1E7 /* AppDelegate.swift in Sources */ = {isa = PBXBuildFile; fileRef = 719A360A2530C14E004AF1E7 /* AppDelegate.swift */; };
		719A360D2530C14E004AF1E7 /* SceneDelegate.swift in Sources */ = {isa = PBXBuildFile; fileRef = 719A360C2530C14E004AF1E7 /* SceneDelegate.swift */; };
		719A360F2530C14E004AF1E7 /* ViewController.swift in Sources */ = {isa = PBXBuildFile; fileRef = 719A360E2530C14E004AF1E7 /* ViewController.swift */; };
		719A36122530C14E004AF1E7 /* Main.storyboard in Resources */ = {isa = PBXBuildFile; fileRef = 719A36102530C14E004AF1E7 /* Main.storyboard */; };
		719A36142530C14F004AF1E7 /* Assets.xcassets in Resources */ = {isa = PBXBuildFile; fileRef = 719A36132530C14F004AF1E7 /* Assets.xcassets */; };
		719A36172530C14F004AF1E7 /* LaunchScreen.storyboard in Resources */ = {isa = PBXBuildFile; fileRef = 719A36152530C14F004AF1E7 /* LaunchScreen.storyboard */; };
		719A36252530C6AC004AF1E7 /* VK-TT-Commons-Demibold.otf in Resources */ = {isa = PBXBuildFile; fileRef = 719A36242530C694004AF1E7 /* VK-TT-Commons-Demibold.otf */; };
		719A36282530F8A5004AF1E7 /* CommentTextField.swift in Sources */ = {isa = PBXBuildFile; fileRef = 719A36272530F8A5004AF1E7 /* CommentTextField.swift */; };
		71B164B32532597E00E40E60 /* LikeButton.swift in Sources */ = {isa = PBXBuildFile; fileRef = 71B164B22532597E00E40E60 /* LikeButton.swift */; };
/* End PBXBuildFile section */

/* Begin PBXFileReference section */
		71492B482531990B00233A52 /* UserImageView.swift */ = {isa = PBXFileReference; lastKnownFileType = sourcecode.swift; path = UserImageView.swift; sourceTree = "<group>"; };
		719A36072530C14E004AF1E7 /* Post.app */ = {isa = PBXFileReference; explicitFileType = wrapper.application; includeInIndex = 0; path = Post.app; sourceTree = BUILT_PRODUCTS_DIR; };
		719A360A2530C14E004AF1E7 /* AppDelegate.swift */ = {isa = PBXFileReference; lastKnownFileType = sourcecode.swift; path = AppDelegate.swift; sourceTree = "<group>"; };
		719A360C2530C14E004AF1E7 /* SceneDelegate.swift */ = {isa = PBXFileReference; lastKnownFileType = sourcecode.swift; path = SceneDelegate.swift; sourceTree = "<group>"; };
		719A360E2530C14E004AF1E7 /* ViewController.swift */ = {isa = PBXFileReference; lastKnownFileType = sourcecode.swift; path = ViewController.swift; sourceTree = "<group>"; };
		719A36112530C14E004AF1E7 /* Base */ = {isa = PBXFileReference; lastKnownFileType = file.storyboard; name = Base; path = Base.lproj/Main.storyboard; sourceTree = "<group>"; };
		719A36132530C14F004AF1E7 /* Assets.xcassets */ = {isa = PBXFileReference; lastKnownFileType = folder.assetcatalog; path = Assets.xcassets; sourceTree = "<group>"; };
		719A36162530C14F004AF1E7 /* Base */ = {isa = PBXFileReference; lastKnownFileType = file.storyboard; name = Base; path = Base.lproj/LaunchScreen.storyboard; sourceTree = "<group>"; };
		719A36182530C14F004AF1E7 /* Info.plist */ = {isa = PBXFileReference; lastKnownFileType = text.plist.xml; path = Info.plist; sourceTree = "<group>"; };
		719A36242530C694004AF1E7 /* VK-TT-Commons-Demibold.otf */ = {isa = PBXFileReference; lastKnownFileType = file; path = "VK-TT-Commons-Demibold.otf"; sourceTree = "<group>"; };
		719A36272530F8A5004AF1E7 /* CommentTextField.swift */ = {isa = PBXFileReference; lastKnownFileType = sourcecode.swift; path = CommentTextField.swift; sourceTree = "<group>"; };
		71B164B22532597E00E40E60 /* LikeButton.swift */ = {isa = PBXFileReference; lastKnownFileType = sourcecode.swift; path = LikeButton.swift; sourceTree = "<group>"; };
/* End PBXFileReference section */

/* Begin PBXFrameworksBuildPhase section */
		719A36042530C14E004AF1E7 /* Frameworks */ = {
			isa = PBXFrameworksBuildPhase;
			buildActionMask = 2147483647;
			files = (
			);
			runOnlyForDeploymentPostprocessing = 0;
		};
/* End PBXFrameworksBuildPhase section */

/* Begin PBXGroup section */
		719A35FE2530C14E004AF1E7 = {
			isa = PBXGroup;
			children = (
				719A36092530C14E004AF1E7 /* Post */,
				719A36082530C14E004AF1E7 /* Products */,
			);
			sourceTree = "<group>";
		};
		719A36082530C14E004AF1E7 /* Products */ = {
			isa = PBXGroup;
			children = (
				719A36072530C14E004AF1E7 /* Post.app */,
			);
			name = Products;
			sourceTree = "<group>";
		};
		719A36092530C14E004AF1E7 /* Post */ = {
			isa = PBXGroup;
			children = (
				719A360A2530C14E004AF1E7 /* AppDelegate.swift */,
				719A360C2530C14E004AF1E7 /* SceneDelegate.swift */,
				719A360E2530C14E004AF1E7 /* ViewController.swift */,
				719A36272530F8A5004AF1E7 /* CommentTextField.swift */,
				71492B482531990B00233A52 /* UserImageView.swift */,
				71B164B22532597E00E40E60 /* LikeButton.swift */,
				719A36102530C14E004AF1E7 /* Main.storyboard */,
				719A36132530C14F004AF1E7 /* Assets.xcassets */,
				719A36152530C14F004AF1E7 /* LaunchScreen.storyboard */,
				719A36182530C14F004AF1E7 /* Info.plist */,
				719A361F2530C45F004AF1E7 /* fonts */,
			);
			path = Post;
			sourceTree = "<group>";
		};
		719A361F2530C45F004AF1E7 /* fonts */ = {
			isa = PBXGroup;
			children = (
				719A36242530C694004AF1E7 /* VK-TT-Commons-Demibold.otf */,
			);
			path = fonts;
			sourceTree = "<group>";
		};
/* End PBXGroup section */

/* Begin PBXNativeTarget section */
		719A36062530C14E004AF1E7 /* Post */ = {
			isa = PBXNativeTarget;
			buildConfigurationList = 719A361B2530C14F004AF1E7 /* Build configuration list for PBXNativeTarget "Post" */;
			buildPhases = (
				719A36032530C14E004AF1E7 /* Sources */,
				719A36042530C14E004AF1E7 /* Frameworks */,
				719A36052530C14E004AF1E7 /* Resources */,
			);
			buildRules = (
			);
			dependencies = (
			);
			name = Post;
			productName = Post;
			productReference = 719A36072530C14E004AF1E7 /* Post.app */;
			productType = "com.apple.product-type.application";
		};
/* End PBXNativeTarget section */

/* Begin PBXProject section */
		719A35FF2530C14E004AF1E7 /* Project object */ = {
			isa = PBXProject;
			attributes = {
				LastSwiftUpdateCheck = 1200;
				LastUpgradeCheck = 1200;
				TargetAttributes = {
					719A36062530C14E004AF1E7 = {
						CreatedOnToolsVersion = 12.0;
					};
				};
			};
			buildConfigurationList = 719A36022530C14E004AF1E7 /* Build configuration list for PBXProject "Post" */;
			compatibilityVersion = "Xcode 9.3";
			developmentRegion = en;
			hasScannedForEncodings = 0;
			knownRegions = (
				en,
				Base,
			);
			mainGroup = 719A35FE2530C14E004AF1E7;
			productRefGroup = 719A36082530C14E004AF1E7 /* Products */;
			projectDirPath = "";
			projectRoot = "";
			targets = (
				719A36062530C14E004AF1E7 /* Post */,
			);
		};
/* End PBXProject section */

/* Begin PBXResourcesBuildPhase section */
		719A36052530C14E004AF1E7 /* Resources */ = {
			isa = PBXResourcesBuildPhase;
			buildActionMask = 2147483647;
			files = (
				719A36172530C14F004AF1E7 /* LaunchScreen.storyboard in Resources */,
				719A36252530C6AC004AF1E7 /* VK-TT-Commons-Demibold.otf in Resources */,
				719A36142530C14F004AF1E7 /* Assets.xcassets in Resources */,
				719A36122530C14E004AF1E7 /* Main.storyboard in Resources */,
			);
			runOnlyForDeploymentPostprocessing = 0;
		};
/* End PBXResourcesBuildPhase section */

/* Begin PBXSourcesBuildPhase section */
		719A36032530C14E004AF1E7 /* Sources */ = {
			isa = PBXSourcesBuildPhase;
			buildActionMask = 2147483647;
			files = (
				719A360F2530C14E004AF1E7 /* ViewController.swift in Sources */,
				71492B492531990B00233A52 /* UserImageView.swift in Sources */,
				719A36282530F8A5004AF1E7 /* CommentTextField.swift in Sources */,
				719A360B2530C14E004AF1E7 /* AppDelegate.swift in Sources */,
				71B164B32532597E00E40E60 /* LikeButton.swift in Sources */,
				719A360D2530C14E004AF1E7 /* SceneDelegate.swift in Sources */,
			);
			runOnlyForDeploymentPostprocessing = 0;
		};
/* End PBXSourcesBuildPhase section */

/* Begin PBXVariantGroup section */
		719A36102530C14E004AF1E7 /* Main.storyboard */ = {
			isa = PBXVariantGroup;
			children = (
				719A36112530C14E004AF1E7 /* Base */,
			);
			name = Main.storyboard;
			sourceTree = "<group>";
		};
		719A36152530C14F004AF1E7 /* LaunchScreen.storyboard */ = {
			isa = PBXVariantGroup;
			children = (
				719A36162530C14F004AF1E7 /* Base */,
			);
			name = LaunchScreen.storyboard;
			sourceTree = "<group>";
		};
/* End PBXVariantGroup section */

/* Begin XCBuildConfiguration section */
		719A36192530C14F004AF1E7 /* Debug */ = {
			isa = XCBuildConfiguration;
			buildSettings = {
				ALWAYS_SEARCH_USER_PATHS = NO;
				CLANG_ANALYZER_NONNULL = YES;
				CLANG_ANALYZER_NUMBER_OBJECT_CONVERSION = YES_AGGRESSIVE;
				CLANG_CXX_LANGUAGE_STANDARD = "gnu++14";
				CLANG_CXX_LIBRARY = "libc++";
				CLANG_ENABLE_MODULES = YES;
				CLANG_ENABLE_OBJC_ARC = YES;
				CLANG_ENABLE_OBJC_WEAK = YES;
				CLANG_WARN_BLOCK_CAPTURE_AUTORELEASING = YES;
				CLANG_WARN_BOOL_CONVERSION = YES;
				CLANG_WARN_COMMA = YES;
				CLANG_WARN_CONSTANT_CONVERSION = YES;
				CLANG_WARN_DEPRECATED_OBJC_IMPLEMENTATIONS = YES;
				CLANG_WARN_DIRECT_OBJC_ISA_USAGE = YES_ERROR;
				CLANG_WARN_DOCUMENTATION_COMMENTS = YES;
				CLANG_WARN_EMPTY_BODY = YES;
				CLANG_WARN_ENUM_CONVERSION = YES;
				CLANG_WARN_INFINITE_RECURSION = YES;
				CLANG_WARN_INT_CONVERSION = YES;
				CLANG_WARN_NON_LITERAL_NULL_CONVERSION = YES;
				CLANG_WARN_OBJC_IMPLICIT_RETAIN_SELF = YES;
				CLANG_WARN_OBJC_LITERAL_CONVERSION = YES;
				CLANG_WARN_OBJC_ROOT_CLASS = YES_ERROR;
				CLANG_WARN_QUOTED_INCLUDE_IN_FRAMEWORK_HEADER = YES;
				CLANG_WARN_RANGE_LOOP_ANALYSIS = YES;
				CLANG_WARN_STRICT_PROTOTYPES = YES;
				CLANG_WARN_SUSPICIOUS_MOVE = YES;
				CLANG_WARN_UNGUARDED_AVAILABILITY = YES_AGGRESSIVE;
				CLANG_WARN_UNREACHABLE_CODE = YES;
				CLANG_WARN__DUPLICATE_METHOD_MATCH = YES;
				COPY_PHASE_STRIP = NO;
				DEBUG_INFORMATION_FORMAT = dwarf;
				ENABLE_STRICT_OBJC_MSGSEND = YES;
				ENABLE_TESTABILITY = YES;
				GCC_C_LANGUAGE_STANDARD = gnu11;
				GCC_DYNAMIC_NO_PIC = NO;
				GCC_NO_COMMON_BLOCKS = YES;
				GCC_OPTIMIZATION_LEVEL = 0;
				GCC_PREPROCESSOR_DEFINITIONS = (
					"DEBUG=1",
					"$(inherited)",
				);
				GCC_WARN_64_TO_32_BIT_CONVERSION = YES;
				GCC_WARN_ABOUT_RETURN_TYPE = YES_ERROR;
				GCC_WARN_UNDECLARED_SELECTOR = YES;
				GCC_WARN_UNINITIALIZED_AUTOS = YES_AGGRESSIVE;
				GCC_WARN_UNUSED_FUNCTION = YES;
				GCC_WARN_UNUSED_VARIABLE = YES;
				IPHONEOS_DEPLOYMENT_TARGET = 14.0;
				MTL_ENABLE_DEBUG_INFO = INCLUDE_SOURCE;
				MTL_FAST_MATH = YES;
				ONLY_ACTIVE_ARCH = YES;
				SDKROOT = iphoneos;
				SWIFT_ACTIVE_COMPILATION_CONDITIONS = DEBUG;
				SWIFT_OPTIMIZATION_LEVEL = "-Onone";
			};
			name = Debug;
		};
		719A361A2530C14F004AF1E7 /* Release */ = {
			isa = XCBuildConfiguration;
			buildSettings = {
				ALWAYS_SEARCH_USER_PATHS = NO;
				CLANG_ANALYZER_NONNULL = YES;
				CLANG_ANALYZER_NUMBER_OBJECT_CONVERSION = YES_AGGRESSIVE;
				CLANG_CXX_LANGUAGE_STANDARD = "gnu++14";
				CLANG_CXX_LIBRARY = "libc++";
				CLANG_ENABLE_MODULES = YES;
				CLANG_ENABLE_OBJC_ARC = YES;
				CLANG_ENABLE_OBJC_WEAK = YES;
				CLANG_WARN_BLOCK_CAPTURE_AUTORELEASING = YES;
				CLANG_WARN_BOOL_CONVERSION = YES;
				CLANG_WARN_COMMA = YES;
				CLANG_WARN_CONSTANT_CONVERSION = YES;
				CLANG_WARN_DEPRECATED_OBJC_IMPLEMENTATIONS = YES;
				CLANG_WARN_DIRECT_OBJC_ISA_USAGE = YES_ERROR;
				CLANG_WARN_DOCUMENTATION_COMMENTS = YES;
				CLANG_WARN_EMPTY_BODY = YES;
				CLANG_WARN_ENUM_CONVERSION = YES;
				CLANG_WARN_INFINITE_RECURSION = YES;
				CLANG_WARN_INT_CONVERSION = YES;
				CLANG_WARN_NON_LITERAL_NULL_CONVERSION = YES;
				CLANG_WARN_OBJC_IMPLICIT_RETAIN_SELF = YES;
				CLANG_WARN_OBJC_LITERAL_CONVERSION = YES;
				CLANG_WARN_OBJC_ROOT_CLASS = YES_ERROR;
				CLANG_WARN_QUOTED_INCLUDE_IN_FRAMEWORK_HEADER = YES;
				CLANG_WARN_RANGE_LOOP_ANALYSIS = YES;
				CLANG_WARN_STRICT_PROTOTYPES = YES;
				CLANG_WARN_SUSPICIOUS_MOVE = YES;
				CLANG_WARN_UNGUARDED_AVAILABILITY = YES_AGGRESSIVE;
				CLANG_WARN_UNREACHABLE_CODE = YES;
				CLANG_WARN__DUPLICATE_METHOD_MATCH = YES;
				COPY_PHASE_STRIP = NO;
				DEBUG_INFORMATION_FORMAT = "dwarf-with-dsym";
				ENABLE_NS_ASSERTIONS = NO;
				ENABLE_STRICT_OBJC_MSGSEND = YES;
				GCC_C_LANGUAGE_STANDARD = gnu11;
				GCC_NO_COMMON_BLOCKS = YES;
				GCC_WARN_64_TO_32_BIT_CONVERSION = YES;
				GCC_WARN_ABOUT_RETURN_TYPE = YES_ERROR;
				GCC_WARN_UNDECLARED_SELECTOR = YES;
				GCC_WARN_UNINITIALIZED_AUTOS = YES_AGGRESSIVE;
				GCC_WARN_UNUSED_FUNCTION = YES;
				GCC_WARN_UNUSED_VARIABLE = YES;
				IPHONEOS_DEPLOYMENT_TARGET = 14.0;
				MTL_ENABLE_DEBUG_INFO = NO;
				MTL_FAST_MATH = YES;
				SDKROOT = iphoneos;
				SWIFT_COMPILATION_MODE = wholemodule;
				SWIFT_OPTIMIZATION_LEVEL = "-O";
				VALIDATE_PRODUCT = YES;
			};
			name = Release;
		};
		719A361C2530C14F004AF1E7 /* Debug */ = {
			isa = XCBuildConfiguration;
			buildSettings = {
				ASSETCATALOG_COMPILER_APPICON_NAME = AppIcon;
				ASSETCATALOG_COMPILER_GLOBAL_ACCENT_COLOR_NAME = AccentColor;
				CODE_SIGN_STYLE = Automatic;
				DEVELOPMENT_TEAM = VA8A2WZVZN;
				INFOPLIST_FILE = Post/Info.plist;
				LD_RUNPATH_SEARCH_PATHS = (
					"$(inherited)",
					"@executable_path/Frameworks",
				);
				PRODUCT_BUNDLE_IDENTIFIER = RobertMukhtarov.Homework5.Post;
				PRODUCT_NAME = "$(TARGET_NAME)";
				SWIFT_VERSION = 5.0;
				TARGETED_DEVICE_FAMILY = 1;
			};
			name = Debug;
		};
		719A361D2530C14F004AF1E7 /* Release */ = {
			isa = XCBuildConfiguration;
			buildSettings = {
				ASSETCATALOG_COMPILER_APPICON_NAME = AppIcon;
				ASSETCATALOG_COMPILER_GLOBAL_ACCENT_COLOR_NAME = AccentColor;
				CODE_SIGN_STYLE = Automatic;
				DEVELOPMENT_TEAM = VA8A2WZVZN;
				INFOPLIST_FILE = Post/Info.plist;
				LD_RUNPATH_SEARCH_PATHS = (
					"$(inherited)",
					"@executable_path/Frameworks",
				);
				PRODUCT_BUNDLE_IDENTIFIER = RobertMukhtarov.Homework5.Post;
				PRODUCT_NAME = "$(TARGET_NAME)";
				SWIFT_VERSION = 5.0;
				TARGETED_DEVICE_FAMILY = 1;
			};
			name = Release;
		};
/* End XCBuildConfiguration section */

/* Begin XCConfigurationList section */
		719A36022530C14E004AF1E7 /* Build configuration list for PBXProject "Post" */ = {
			isa = XCConfigurationList;
			buildConfigurations = (
				719A36192530C14F004AF1E7 /* Debug */,
				719A361A2530C14F004AF1E7 /* Release */,
			);
			defaultConfigurationIsVisible = 0;
			defaultConfigurationName = Release;
		};
		719A361B2530C14F004AF1E7 /* Build configuration list for PBXNativeTarget "Post" */ = {
			isa = XCConfigurationList;
			buildConfigurations = (
				719A361C2530C14F004AF1E7 /* Debug */,
				719A361D2530C14F004AF1E7 /* Release */,
			);
			defaultConfigurationIsVisible = 0;
			defaultConfigurationName = Release;
		};
/* End XCConfigurationList section */
	};
	rootObject = 719A35FF2530C14E004AF1E7 /* Project object */;
}
